lockfileVersion: '9.0'

settings:
  autoInstallPeers: true
  excludeLinksFromLockfile: false

importers:

  .:
    dependencies:
      xterm:
        specifier: ^5.3.0
        version: 5.3.0
      xterm-addon-fit:
        specifier: ^0.7.0
        version: 0.7.0(xterm@5.3.0)

packages:

  xterm-addon-fit@0.7.0:
    resolution: {integrity: sha512-tQgHGoHqRTgeROPnvmtEJywLKoC/V9eNs4bLLz7iyJr1aW/QFzRwfd3MGiJ6odJd9xEfxcW36/xRU47JkD5NKQ==}
    deprecated: This package is now deprecated. Move to @xterm/addon-fit instead.
    peerDependencies:
      xterm: ^5.0.0

  xterm@5.3.0:
    resolution: {integrity: sha512-8QqjlekLUFTrU6x7xck1MsPzPA571K5zNqWm0M0oroYEWVOptZ0+ubQSkQ3uxIEhcIHRujJy6emDWX4A7qyFzg==}
    deprecated: This package is now deprecated. Move to @xterm/xterm instead.

snapshots:

  xterm-addon-fit@0.7.0(xterm@5.3.0):
    dependencies:
      xterm: 5.3.0

  xterm@5.3.0: {}
